
Microsoft Visual Studio Solution File, Format Version 12.00
# Visual Studio 15
VisualStudioVersion = 15.0.28307.329
MinimumVisualStudioVersion = 10.0.40219.1
Project("{FAE04EC0-301F-11D3-BF4B-00C04F79EFBC}") = "exercice4bootstrap", "exercice4bootstrap\exercice4bootstrap.csproj", "{8FFA8B8F-4968-4069-AAF0-8032B2030518}"
EndProject
Global
	GlobalSection(SolutionConfigurationPlatforms) = preSolution
		Debug|Any CPU = Debug|Any CPU
		Release|Any CPU = Release|Any CPU
	EndGlobalSection
	GlobalSection(ProjectConfigurationPlatforms) = postSolution
		{8FFA8B8F-4968-4069-AAF0-8032B2030518}.Debug|Any CPU.ActiveCfg = Debug|Any CPU
		{8FFA8B8F-4968-4069-AAF0-8032B2030518}.Debug|Any CPU.Build.0 = Debug|Any CPU
		{8FFA8B8F-4968-4069-AAF0-8032B2030518}.Release|Any CPU.ActiveCfg = Release|Any CPU
		{8FFA8B8F-4968-4069-AAF0-8032B2030518}.Release|Any CPU.Build.0 = Release|Any CPU
	EndGlobalSection
	GlobalSection(SolutionProperties) = preSolution
		HideSolutionNode = FALSE
	EndGlobalSection
	GlobalSection(ExtensibilityGlobals) = postSolution
		SolutionGuid = {C95CF871-E812-4994-B328-3C6DD05772CF}
	EndGlobalSection
EndGlobal
